
Microsoft Visual Studio Solution File, Format Version 12.00
# Visual Studio Version 16
VisualStudioVersion = 16.0.30717.126
MinimumVisualStudioVersion = 10.0.40219.1
Project("{9A19103F-16F7-4668-BE54-9A1E7A4F7556}") = "BankingSystem", "BankingSystem\BankingSystem.csproj", "{9138F81D-D237-4A10-8A4B-C233365B5BFD}"
EndProject
Project("{9A19103F-16F7-4668-BE54-9A1E7A4F7556}") = "AccountManagement", "AccountManagement\AccountManagement.csproj", "{17405148-C689-4177-828C-618B39618BFA}"
EndProject
Global
	GlobalSection(SolutionConfigurationPlatforms) = preSolution
		Debug|Any CPU = Debug|Any CPU
		Release|Any CPU = Release|Any CPU
	EndGlobalSection
	GlobalSection(ProjectConfigurationPlatforms) = postSolution
		{9138F81D-D237-4A10-8A4B-C233365B5BFD}.Debug|Any CPU.ActiveCfg = Debug|Any CPU
		{9138F81D-D237-4A10-8A4B-C233365B5BFD}.Debug|Any CPU.Build.0 = Debug|Any CPU
		{9138F81D-D237-4A10-8A4B-C233365B5BFD}.Release|Any CPU.ActiveCfg = Release|Any CPU
		{9138F81D-D237-4A10-8A4B-C233365B5BFD}.Release|Any CPU.Build.0 = Release|Any CPU
		{17405148-C689-4177-828C-618B39618BFA}.Debug|Any CPU.ActiveCfg = Debug|Any CPU
		{17405148-C689-4177-828C-618B39618BFA}.Debug|Any CPU.Build.0 = Debug|Any CPU
		{17405148-C689-4177-828C-618B39618BFA}.Release|Any CPU.ActiveCfg = Release|Any CPU
		{17405148-C689-4177-828C-618B39618BFA}.Release|Any CPU.Build.0 = Release|Any CPU
	EndGlobalSection
	GlobalSection(SolutionProperties) = preSolution
		HideSolutionNode = FALSE
	EndGlobalSection
	GlobalSection(ExtensibilityGlobals) = postSolution
		SolutionGuid = {109EC3BE-A45E-4411-8E29-E0B872D3411D}
	EndGlobalSection
EndGlobal
